
Microsoft Visual Studio Solution File, Format Version 12.00
# Visual Studio Version 16
VisualStudioVersion = 16.0.31702.278
MinimumVisualStudioVersion = 10.0.40219.1
Project("{9A19103F-16F7-4668-BE54-9A1E7A4F7556}") = "Entities", "Entities\Entities.csproj", "{D9AA91C9-E9DC-40E7-9A9F-98FB42BDB0D1}"
EndProject
Project("{9A19103F-16F7-4668-BE54-9A1E7A4F7556}") = "DataAccess", "DataAccess\DataAccess.csproj", "{D6A30755-77BF-4328-B7B5-03DA857CD21A}"
EndProject
Project("{9A19103F-16F7-4668-BE54-9A1E7A4F7556}") = "Business", "Business\Business.csproj", "{D3A38894-4BB3-44DD-8D8E-55C75878D7E3}"
EndProject
Project("{9A19103F-16F7-4668-BE54-9A1E7A4F7556}") = "ConsoleUI", "ConsoleUI\ConsoleUI.csproj", "{C78480E9-C1AA-4057-8669-266BC8B2A918}"
EndProject
Global
	GlobalSection(SolutionConfigurationPlatforms) = preSolution
		Debug|Any CPU = Debug|Any CPU
		Release|Any CPU = Release|Any CPU
	EndGlobalSection
	GlobalSection(ProjectConfigurationPlatforms) = postSolution
		{D9AA91C9-E9DC-40E7-9A9F-98FB42BDB0D1}.Debug|Any CPU.ActiveCfg = Debug|Any CPU
		{D9AA91C9-E9DC-40E7-9A9F-98FB42BDB0D1}.Debug|Any CPU.Build.0 = Debug|Any CPU
		{D9AA91C9-E9DC-40E7-9A9F-98FB42BDB0D1}.Release|Any CPU.ActiveCfg = Release|Any CPU
		{D9AA91C9-E9DC-40E7-9A9F-98FB42BDB0D1}.Release|Any CPU.Build.0 = Release|Any CPU
		{D6A30755-77BF-4328-B7B5-03DA857CD21A}.Debug|Any CPU.ActiveCfg = Debug|Any CPU
		{D6A30755-77BF-4328-B7B5-03DA857CD21A}.Debug|Any CPU.Build.0 = Debug|Any CPU
		{D6A30755-77BF-4328-B7B5-03DA857CD21A}.Release|Any CPU.ActiveCfg = Release|Any CPU
		{D6A30755-77BF-4328-B7B5-03DA857CD21A}.Release|Any CPU.Build.0 = Release|Any CPU
		{D3A38894-4BB3-44DD-8D8E-55C75878D7E3}.Debug|Any CPU.ActiveCfg = Debug|Any CPU
		{D3A38894-4BB3-44DD-8D8E-55C75878D7E3}.Debug|Any CPU.Build.0 = Debug|Any CPU
		{D3A38894-4BB3-44DD-8D8E-55C75878D7E3}.Release|Any CPU.ActiveCfg = Release|Any CPU
		{D3A38894-4BB3-44DD-8D8E-55C75878D7E3}.Release|Any CPU.Build.0 = Release|Any CPU
		{C78480E9-C1AA-4057-8669-266BC8B2A918}.Debug|Any CPU.ActiveCfg = Debug|Any CPU
		{C78480E9-C1AA-4057-8669-266BC8B2A918}.Debug|Any CPU.Build.0 = Debug|Any CPU
		{C78480E9-C1AA-4057-8669-266BC8B2A918}.Release|Any CPU.ActiveCfg = Release|Any CPU
		{C78480E9-C1AA-4057-8669-266BC8B2A918}.Release|Any CPU.Build.0 = Release|Any CPU
	EndGlobalSection
	GlobalSection(SolutionProperties) = preSolution
		HideSolutionNode = FALSE
	EndGlobalSection
	GlobalSection(ExtensibilityGlobals) = postSolution
		SolutionGuid = {377DCAA2-8F8A-4E2D-8785-B3200D552421}
	EndGlobalSection
EndGlobal
